
Microsoft Visual Studio Solution File, Format Version 12.00
# Visual Studio Version 17
VisualStudioVersion = 17.14.36518.9
MinimumVisualStudioVersion = 10.0.40219.1
Project("{FAE04EC0-301F-11D3-BF4B-00C04F79EFBC}") = "Calculo-de-depreciacion", "Calculo-de-depreciacion\Calculo-de-depreciacion.csproj", "{7B14F4AB-E471-4FEF-B682-971AE16F9B0C}"
EndProject
Project("{FAE04EC0-301F-11D3-BF4B-00C04F79EFBC}") = "Interes-Compuesto", "Interes-Compuesto\Interes-Compuesto.csproj", "{E4204A9C-438D-4E7B-BD2B-994C851E1B61}"
EndProject
Global
	GlobalSection(SolutionConfigurationPlatforms) = preSolution
		Debug|Any CPU = Debug|Any CPU
		Release|Any CPU = Release|Any CPU
	EndGlobalSection
	GlobalSection(ProjectConfigurationPlatforms) = postSolution
		{7B14F4AB-E471-4FEF-B682-971AE16F9B0C}.Debug|Any CPU.ActiveCfg = Debug|Any CPU
		{7B14F4AB-E471-4FEF-B682-971AE16F9B0C}.Debug|Any CPU.Build.0 = Debug|Any CPU
		{7B14F4AB-E471-4FEF-B682-971AE16F9B0C}.Release|Any CPU.ActiveCfg = Release|Any CPU
		{7B14F4AB-E471-4FEF-B682-971AE16F9B0C}.Release|Any CPU.Build.0 = Release|Any CPU
		{E4204A9C-438D-4E7B-BD2B-994C851E1B61}.Debug|Any CPU.ActiveCfg = Debug|Any CPU
		{E4204A9C-438D-4E7B-BD2B-994C851E1B61}.Debug|Any CPU.Build.0 = Debug|Any CPU
		{E4204A9C-438D-4E7B-BD2B-994C851E1B61}.Release|Any CPU.ActiveCfg = Release|Any CPU
		{E4204A9C-438D-4E7B-BD2B-994C851E1B61}.Release|Any CPU.Build.0 = Release|Any CPU
	EndGlobalSection
	GlobalSection(SolutionProperties) = preSolution
		HideSolutionNode = FALSE
	EndGlobalSection
	GlobalSection(ExtensibilityGlobals) = postSolution
		SolutionGuid = {68CAF07C-9936-4A69-8390-AF8E97ECD91A}
	EndGlobalSection
EndGlobal
